
Microsoft Visual Studio Solution File, Format Version 12.00
# Visual Studio Version 17
VisualStudioVersion = 17.11.35222.181
MinimumVisualStudioVersion = 10.0.40219.1
Project("{FAE04EC0-301F-11D3-BF4B-00C04F79EFBC}") = "DesignPattern_SingleTon", "DesignPattern_SingleTon\DesignPattern_SingleTon.csproj", "{BDEE3EBB-D401-4541-AC39-902CF157EF04}"
EndProject
Global
	GlobalSection(SolutionConfigurationPlatforms) = preSolution
		Debug|Any CPU = Debug|Any CPU
		Release|Any CPU = Release|Any CPU
	EndGlobalSection
	GlobalSection(ProjectConfigurationPlatforms) = postSolution
		{BDEE3EBB-D401-4541-AC39-902CF157EF04}.Debug|Any CPU.ActiveCfg = Debug|Any CPU
		{BDEE3EBB-D401-4541-AC39-902CF157EF04}.Debug|Any CPU.Build.0 = Debug|Any CPU
		{BDEE3EBB-D401-4541-AC39-902CF157EF04}.Release|Any CPU.ActiveCfg = Release|Any CPU
		{BDEE3EBB-D401-4541-AC39-902CF157EF04}.Release|Any CPU.Build.0 = Release|Any CPU
	EndGlobalSection
	GlobalSection(SolutionProperties) = preSolution
		HideSolutionNode = FALSE
	EndGlobalSection
	GlobalSection(ExtensibilityGlobals) = postSolution
		SolutionGuid = {D08E13E0-CAA7-4B5D-97D9-F14BCB334114}
	EndGlobalSection
EndGlobal
